
Microsoft Visual Studio Solution File, Format Version 12.00
# Visual Studio 15
VisualStudioVersion = 15.0.27428.2037
MinimumVisualStudioVersion = 10.0.40219.1
Project("{FAE04EC0-301F-11D3-BF4B-00C04F79EFBC}") = "SportsStore", "SportsStore\SportsStore.csproj", "{328243CC-2919-443D-A710-9E06BF4B6D21}"
EndProject
Project("{FAE04EC0-301F-11D3-BF4B-00C04F79EFBC}") = "SportsStore.Tests", "SportsStore.Tests\SportsStore.Tests.csproj", "{0EFFE80C-E944-4FB7-AB23-DEE80055655B}"
EndProject
Global
	GlobalSection(SolutionConfigurationPlatforms) = preSolution
		Debug|Any CPU = Debug|Any CPU
		Release|Any CPU = Release|Any CPU
	EndGlobalSection
	GlobalSection(ProjectConfigurationPlatforms) = postSolution
		{328243CC-2919-443D-A710-9E06BF4B6D21}.Debug|Any CPU.ActiveCfg = Debug|Any CPU
		{328243CC-2919-443D-A710-9E06BF4B6D21}.Debug|Any CPU.Build.0 = Debug|Any CPU
		{328243CC-2919-443D-A710-9E06BF4B6D21}.Release|Any CPU.ActiveCfg = Release|Any CPU
		{328243CC-2919-443D-A710-9E06BF4B6D21}.Release|Any CPU.Build.0 = Release|Any CPU
		{0EFFE80C-E944-4FB7-AB23-DEE80055655B}.Debug|Any CPU.ActiveCfg = Debug|Any CPU
		{0EFFE80C-E944-4FB7-AB23-DEE80055655B}.Debug|Any CPU.Build.0 = Debug|Any CPU
		{0EFFE80C-E944-4FB7-AB23-DEE80055655B}.Release|Any CPU.ActiveCfg = Release|Any CPU
		{0EFFE80C-E944-4FB7-AB23-DEE80055655B}.Release|Any CPU.Build.0 = Release|Any CPU
	EndGlobalSection
	GlobalSection(SolutionProperties) = preSolution
		HideSolutionNode = FALSE
	EndGlobalSection
	GlobalSection(ExtensibilityGlobals) = postSolution
		SolutionGuid = {6409B44B-A6F9-4A21-8F8C-7AF337810719}
	EndGlobalSection
EndGlobal
